// !$*UTF8*$!
{
	archiveVersion = 1;
	classes = {
	};
	objectVersion = 56;
	objects = {

/* Begin PBXBuildFile section */
		6C437A8D299009BE00AF7172 /* FetchedObjects.swift in Sources */ = {isa = PBXBuildFile; fileRef = 6C437A8C299009BE00AF7172 /* FetchedObjects.swift */; };
		6C437A8F29901A9000AF7172 /* ProfileScreen.swift in Sources */ = {isa = PBXBuildFile; fileRef = 6C437A8E29901A9000AF7172 /* ProfileScreen.swift */; };
		6C437A9129901EC100AF7172 /* ProfileCardView.swift in Sources */ = {isa = PBXBuildFile; fileRef = 6C437A9029901EC100AF7172 /* ProfileCardView.swift */; };
		6C437A93299032B700AF7172 /* EmailNotificationsView.swift in Sources */ = {isa = PBXBuildFile; fileRef = 6C437A92299032B700AF7172 /* EmailNotificationsView.swift */; };
		6C65F51A2990BC8100DE6170 /* HomeScreen.swift in Sources */ = {isa = PBXBuildFile; fileRef = 6C65F5192990BC8100DE6170 /* HomeScreen.swift */; };
		6C65F51F2990C28C00DE6170 /* Dish+CoreDataClass.swift in Sources */ = {isa = PBXBuildFile; fileRef = 6C65F51D2990C28C00DE6170 /* Dish+CoreDataClass.swift */; };
		6C65F5202990C28C00DE6170 /* Dish+CoreDataProperties.swift in Sources */ = {isa = PBXBuildFile; fileRef = 6C65F51E2990C28C00DE6170 /* Dish+CoreDataProperties.swift */; };
		6C7DCEC7298ADD570057E62D /* OnboardingScreen.swift in Sources */ = {isa = PBXBuildFile; fileRef = 6C7DCEC6298ADD570057E62D /* OnboardingScreen.swift */; };
		6C7DCEC9298ADD820057E62D /* MenuScreen.swift in Sources */ = {isa = PBXBuildFile; fileRef = 6C7DCEC8298ADD820057E62D /* MenuScreen.swift */; };
		6C7DCECB298ADDB50057E62D /* PageView.swift in Sources */ = {isa = PBXBuildFile; fileRef = 6C7DCECA298ADDB50057E62D /* PageView.swift */; };
		6C7DCECE298AE0130057E62D /* PageViewItem.swift in Sources */ = {isa = PBXBuildFile; fileRef = 6C7DCECD298AE0130057E62D /* PageViewItem.swift */; };
		6C7DCED1298AED8B0057E62D /* RegistrationScreen.swift in Sources */ = {isa = PBXBuildFile; fileRef = 6C7DCED0298AED8B0057E62D /* RegistrationScreen.swift */; };
		6C802081298EF0C200A566BD /* MenuBreakdownView.swift in Sources */ = {isa = PBXBuildFile; fileRef = 6C802080298EF0C200A566BD /* MenuBreakdownView.swift */; };
		6C802083298EF7DE00A566BD /* MenuItemView.swift in Sources */ = {isa = PBXBuildFile; fileRef = 6C802082298EF7DE00A566BD /* MenuItemView.swift */; };
		6C802086298EFD8B00A566BD /* MenuItem.swift in Sources */ = {isa = PBXBuildFile; fileRef = 6C802085298EFD8B00A566BD /* MenuItem.swift */; };
		6C802088298EFDA500A566BD /* MenuList.swift in Sources */ = {isa = PBXBuildFile; fileRef = 6C802087298EFDA500A566BD /* MenuList.swift */; };
		6C82BFDB2988470C00693A39 /* LittleLemonMenuApp.swift in Sources */ = {isa = PBXBuildFile; fileRef = 6C82BFDA2988470C00693A39 /* LittleLemonMenuApp.swift */; };
		6C82BFDF2988470D00693A39 /* Assets.xcassets in Resources */ = {isa = PBXBuildFile; fileRef = 6C82BFDE2988470D00693A39 /* Assets.xcassets */; };
		6C82BFE22988470D00693A39 /* Preview Assets.xcassets in Resources */ = {isa = PBXBuildFile; fileRef = 6C82BFE12988470D00693A39 /* Preview Assets.xcassets */; };
		6C82BFE42988470D00693A39 /* Persistence.swift in Sources */ = {isa = PBXBuildFile; fileRef = 6C82BFE32988470D00693A39 /* Persistence.swift */; };
		6C82BFE72988470D00693A39 /* LittleLemonMenu.xcdatamodeld in Sources */ = {isa = PBXBuildFile; fileRef = 6C82BFE52988470D00693A39 /* LittleLemonMenu.xcdatamodeld */; };
		6CD8152C298E377000A1436E /* MarkaziText-Medium.ttf in Resources */ = {isa = PBXBuildFile; fileRef = 6CD8152B298E377000A1436E /* MarkaziText-Medium.ttf */; };
		6CD8152E298E378A00A1436E /* Karla-Regular.ttf in Resources */ = {isa = PBXBuildFile; fileRef = 6CD8152D298E378A00A1436E /* Karla-Regular.ttf */; };
		6CD81531298E3A7F00A1436E /* Color+Extension.swift in Sources */ = {isa = PBXBuildFile; fileRef = 6CD81530298E3A7F00A1436E /* Color+Extension.swift */; };
		6CD81534298E3C5900A1436E /* Font+Extension.swift in Sources */ = {isa = PBXBuildFile; fileRef = 6CD81533298E3C5900A1436E /* Font+Extension.swift */; };
		6CD81538298E478600A1436E /* HeroView.swift in Sources */ = {isa = PBXBuildFile; fileRef = 6CD81537298E478600A1436E /* HeroView.swift */; };
		6CD8153A298E492600A1436E /* UserDetailsForm.swift in Sources */ = {isa = PBXBuildFile; fileRef = 6CD81539298E492600A1436E /* UserDetailsForm.swift */; };
		6CD8153D298E76EB00A1436E /* AppConstants.swift in Sources */ = {isa = PBXBuildFile; fileRef = 6CD8153C298E76EB00A1436E /* AppConstants.swift */; };
/* End PBXBuildFile section */

/* Begin PBXFileReference section */
		6C437A8C299009BE00AF7172 /* FetchedObjects.swift */ = {isa = PBXFileReference; lastKnownFileType = sourcecode.swift; path = FetchedObjects.swift; sourceTree = "<group>"; };
		6C437A8E29901A9000AF7172 /* ProfileScreen.swift */ = {isa = PBXFileReference; lastKnownFileType = sourcecode.swift; path = ProfileScreen.swift; sourceTree = "<group>"; };
		6C437A9029901EC100AF7172 /* ProfileCardView.swift */ = {isa = PBXFileReference; lastKnownFileType = sourcecode.swift; path = ProfileCardView.swift; sourceTree = "<group>"; };
		6C437A92299032B700AF7172 /* EmailNotificationsView.swift */ = {isa = PBXFileReference; lastKnownFileType = sourcecode.swift; path = EmailNotificationsView.swift; sourceTree = "<group>"; };
		6C65F5192990BC8100DE6170 /* HomeScreen.swift */ = {isa = PBXFileReference; lastKnownFileType = sourcecode.swift; path = HomeScreen.swift; sourceTree = "<group>"; };
		6C65F51D2990C28C00DE6170 /* Dish+CoreDataClass.swift */ = {isa = PBXFileReference; lastKnownFileType = sourcecode.swift; name = "Dish+CoreDataClass.swift"; path = "Local Storage/Dish+CoreDataClass.swift"; sourceTree = "<group>"; };
		6C65F51E2990C28C00DE6170 /* Dish+CoreDataProperties.swift */ = {isa = PBXFileReference; lastKnownFileType = sourcecode.swift; name = "Dish+CoreDataProperties.swift"; path = "Local Storage/Dish+CoreDataProperties.swift"; sourceTree = "<group>"; };
		6C7DCEC6298ADD570057E62D /* OnboardingScreen.swift */ = {isa = PBXFileReference; lastKnownFileType = sourcecode.swift; path = OnboardingScreen.swift; sourceTree = "<group>"; };
		6C7DCEC8298ADD820057E62D /* MenuScreen.swift */ = {isa = PBXFileReference; lastKnownFileType = sourcecode.swift; path = MenuScreen.swift; sourceTree = "<group>"; };
		6C7DCECA298ADDB50057E62D /* PageView.swift */ = {isa = PBXFileReference; lastKnownFileType = sourcecode.swift; path = PageView.swift; sourceTree = "<group>"; };
		6C7DCECD298AE0130057E62D /* PageViewItem.swift */ = {isa = PBXFileReference; lastKnownFileType = sourcecode.swift; path = PageViewItem.swift; sourceTree = "<group>"; };
		6C7DCED0298AED8B0057E62D /* RegistrationScreen.swift */ = {isa = PBXFileReference; lastKnownFileType = sourcecode.swift; path = RegistrationScreen.swift; sourceTree = "<group>"; };
		6C802080298EF0C200A566BD /* MenuBreakdownView.swift */ = {isa = PBXFileReference; lastKnownFileType = sourcecode.swift; path = MenuBreakdownView.swift; sourceTree = "<group>"; };
		6C802082298EF7DE00A566BD /* MenuItemView.swift */ = {isa = PBXFileReference; lastKnownFileType = sourcecode.swift; path = MenuItemView.swift; sourceTree = "<group>"; };
		6C802085298EFD8B00A566BD /* MenuItem.swift */ = {isa = PBXFileReference; lastKnownFileType = sourcecode.swift; path = MenuItem.swift; sourceTree = "<group>"; };
		6C802087298EFDA500A566BD /* MenuList.swift */ = {isa = PBXFileReference; lastKnownFileType = sourcecode.swift; path = MenuList.swift; sourceTree = "<group>"; };
		6C82BFD72988470C00693A39 /* LittleLemonMenu.app */ = {isa = PBXFileReference; explicitFileType = wrapper.application; includeInIndex = 0; path = LittleLemonMenu.app; sourceTree = BUILT_PRODUCTS_DIR; };
		6C82BFDA2988470C00693A39 /* LittleLemonMenuApp.swift */ = {isa = PBXFileReference; lastKnownFileType = sourcecode.swift; path = LittleLemonMenuApp.swift; sourceTree = "<group>"; };
		6C82BFDE2988470D00693A39 /* Assets.xcassets */ = {isa = PBXFileReference; lastKnownFileType = folder.assetcatalog; path = Assets.xcassets; sourceTree = "<group>"; };
		6C82BFE12988470D00693A39 /* Preview Assets.xcassets */ = {isa = PBXFileReference; lastKnownFileType = folder.assetcatalog; path = "Preview Assets.xcassets"; sourceTree = "<group>"; };
		6C82BFE32988470D00693A39 /* Persistence.swift */ = {isa = PBXFileReference; lastKnownFileType = sourcecode.swift; path = Persistence.swift; sourceTree = "<group>"; };
		6C82BFE62988470D00693A39 /* LittleLemonMenu.xcdatamodel */ = {isa = PBXFileReference; lastKnownFileType = wrapper.xcdatamodel; path = LittleLemonMenu.xcdatamodel; sourceTree = "<group>"; };
		6CD8152B298E377000A1436E /* MarkaziText-Medium.ttf */ = {isa = PBXFileReference; lastKnownFileType = file; path = "MarkaziText-Medium.ttf"; sourceTree = "<group>"; };
		6CD8152D298E378A00A1436E /* Karla-Regular.ttf */ = {isa = PBXFileReference; lastKnownFileType = file; path = "Karla-Regular.ttf"; sourceTree = "<group>"; };
		6CD8152F298E37EC00A1436E /* Info.plist */ = {isa = PBXFileReference; lastKnownFileType = text.plist; path = Info.plist; sourceTree = "<group>"; };
		6CD81530298E3A7F00A1436E /* Color+Extension.swift */ = {isa = PBXFileReference; lastKnownFileType = sourcecode.swift; path = "Color+Extension.swift"; sourceTree = "<group>"; };
		6CD81533298E3C5900A1436E /* Font+Extension.swift */ = {isa = PBXFileReference; lastKnownFileType = sourcecode.swift; path = "Font+Extension.swift"; sourceTree = "<group>"; };
		6CD81537298E478600A1436E /* HeroView.swift */ = {isa = PBXFileReference; lastKnownFileType = sourcecode.swift; path = HeroView.swift; sourceTree = "<group>"; };
		6CD81539298E492600A1436E /* UserDetailsForm.swift */ = {isa = PBXFileReference; lastKnownFileType = sourcecode.swift; path = UserDetailsForm.swift; sourceTree = "<group>"; };
		6CD8153C298E76EB00A1436E /* AppConstants.swift */ = {isa = PBXFileReference; lastKnownFileType = sourcecode.swift; path = AppConstants.swift; sourceTree = "<group>"; };
/* End PBXFileReference section */

/* Begin PBXFrameworksBuildPhase section */
		6C82BFD42988470C00693A39 /* Frameworks */ = {
			isa = PBXFrameworksBuildPhase;
			buildActionMask = 2147483647;
			files = (
			);
			runOnlyForDeploymentPostprocessing = 0;
		};
/* End PBXFrameworksBuildPhase section */

/* Begin PBXGroup section */
		6C437A8B2990099000AF7172 /* Utils */ = {
			isa = PBXGroup;
			children = (
				6C437A8C299009BE00AF7172 /* FetchedObjects.swift */,
			);
			path = Utils;
			sourceTree = "<group>";
		};
		6C7DCEC4298ADD190057E62D /* Screens */ = {
			isa = PBXGroup;
			children = (
				6C7DCEC5298ADD460057E62D /* Onboarding */,
				6C7DCEC8298ADD820057E62D /* MenuScreen.swift */,
				6C7DCED0298AED8B0057E62D /* RegistrationScreen.swift */,
				6C437A8E29901A9000AF7172 /* ProfileScreen.swift */,
				6C65F5192990BC8100DE6170 /* HomeScreen.swift */,
			);
			path = Screens;
			sourceTree = "<group>";
		};
		6C7DCEC5298ADD460057E62D /* Onboarding */ = {
			isa = PBXGroup;
			children = (
				6C7DCEC6298ADD570057E62D /* OnboardingScreen.swift */,
				6C7DCECA298ADDB50057E62D /* PageView.swift */,
			);
			path = Onboarding;
			sourceTree = "<group>";
		};
		6C7DCECC298ADFFF0057E62D /* Models */ = {
			isa = PBXGroup;
			children = (
				6C7DCECD298AE0130057E62D /* PageViewItem.swift */,
				6C802085298EFD8B00A566BD /* MenuItem.swift */,
				6C802087298EFDA500A566BD /* MenuList.swift */,
			);
			path = Models;
			sourceTree = "<group>";
		};
		6C7DCECF298AE5B90057E62D /* Views */ = {
			isa = PBXGroup;
			children = (
				6CD81537298E478600A1436E /* HeroView.swift */,
				6CD81539298E492600A1436E /* UserDetailsForm.swift */,
				6C802080298EF0C200A566BD /* MenuBreakdownView.swift */,
				6C802082298EF7DE00A566BD /* MenuItemView.swift */,
				6C437A9029901EC100AF7172 /* ProfileCardView.swift */,
				6C437A92299032B700AF7172 /* EmailNotificationsView.swift */,
			);
			path = Views;
			sourceTree = "<group>";
		};
		6C82BFCE2988470C00693A39 = {
			isa = PBXGroup;
			children = (
				6C65F51D2990C28C00DE6170 /* Dish+CoreDataClass.swift */,
				6C65F51E2990C28C00DE6170 /* Dish+CoreDataProperties.swift */,
				6C82BFD92988470C00693A39 /* LittleLemonMenu */,
				6C82BFD82988470C00693A39 /* Products */,
			);
			sourceTree = "<group>";
		};
		6C82BFD82988470C00693A39 /* Products */ = {
			isa = PBXGroup;
			children = (
				6C82BFD72988470C00693A39 /* LittleLemonMenu.app */,
			);
			name = Products;
			sourceTree = "<group>";
		};
		6C82BFD92988470C00693A39 /* LittleLemonMenu */ = {
			isa = PBXGroup;
			children = (
				6C437A8B2990099000AF7172 /* Utils */,
				6CD81532298E3C2800A1436E /* Extensions */,
				6CD8152F298E37EC00A1436E /* Info.plist */,
				6CD8152A298E365900A1436E /* Fonts */,
				6C7DCECF298AE5B90057E62D /* Views */,
				6C7DCECC298ADFFF0057E62D /* Models */,
				6C7DCEC4298ADD190057E62D /* Screens */,
				6C82BFDA2988470C00693A39 /* LittleLemonMenuApp.swift */,
				6C82BFDE2988470D00693A39 /* Assets.xcassets */,
				6C82BFE32988470D00693A39 /* Persistence.swift */,
				6C82BFE52988470D00693A39 /* LittleLemonMenu.xcdatamodeld */,
				6C82BFE02988470D00693A39 /* Preview Content */,
				6CD8153C298E76EB00A1436E /* AppConstants.swift */,
			);
			path = LittleLemonMenu;
			sourceTree = "<group>";
		};
		6C82BFE02988470D00693A39 /* Preview Content */ = {
			isa = PBXGroup;
			children = (
				6C82BFE12988470D00693A39 /* Preview Assets.xcassets */,
			);
			path = "Preview Content";
			sourceTree = "<group>";
		};
		6CD8152A298E365900A1436E /* Fonts */ = {
			isa = PBXGroup;
			children = (
				6CD8152B298E377000A1436E /* MarkaziText-Medium.ttf */,
				6CD8152D298E378A00A1436E /* Karla-Regular.ttf */,
			);
			path = Fonts;
			sourceTree = "<group>";
		};
		6CD81532298E3C2800A1436E /* Extensions */ = {
			isa = PBXGroup;
			children = (
				6CD81530298E3A7F00A1436E /* Color+Extension.swift */,
				6CD81533298E3C5900A1436E /* Font+Extension.swift */,
			);
			path = Extensions;
			sourceTree = "<group>";
		};
/* End PBXGroup section */

/* Begin PBXNativeTarget section */
		6C82BFD62988470C00693A39 /* LittleLemonMenu */ = {
			isa = PBXNativeTarget;
			buildConfigurationList = 6C82BFEA2988470D00693A39 /* Build configuration list for PBXNativeTarget "LittleLemonMenu" */;
			buildPhases = (
				6C82BFD32988470C00693A39 /* Sources */,
				6C82BFD42988470C00693A39 /* Frameworks */,
				6C82BFD52988470C00693A39 /* Resources */,
			);
			buildRules = (
			);
			dependencies = (
			);
			name = LittleLemonMenu;
			productName = LittleLemonMenu;
			productReference = 6C82BFD72988470C00693A39 /* LittleLemonMenu.app */;
			productType = "com.apple.product-type.application";
		};
/* End PBXNativeTarget section */

/* Begin PBXProject section */
		6C82BFCF2988470C00693A39 /* Project object */ = {
			isa = PBXProject;
			attributes = {
				BuildIndependentTargetsInParallel = 1;
				LastSwiftUpdateCheck = 1420;
				LastUpgradeCheck = 1420;
				TargetAttributes = {
					6C82BFD62988470C00693A39 = {
						CreatedOnToolsVersion = 14.2;
					};
				};
			};
			buildConfigurationList = 6C82BFD22988470C00693A39 /* Build configuration list for PBXProject "LittleLemonMenu" */;
			compatibilityVersion = "Xcode 14.0";
			developmentRegion = en;
			hasScannedForEncodings = 0;
			knownRegions = (
				en,
				Base,
			);
			mainGroup = 6C82BFCE2988470C00693A39;
			productRefGroup = 6C82BFD82988470C00693A39 /* Products */;
			projectDirPath = "";
			projectRoot = "";
			targets = (
				6C82BFD62988470C00693A39 /* LittleLemonMenu */,
			);
		};
/* End PBXProject section */

/* Begin PBXResourcesBuildPhase section */
		6C82BFD52988470C00693A39 /* Resources */ = {
			isa = PBXResourcesBuildPhase;
			buildActionMask = 2147483647;
			files = (
				6CD8152C298E377000A1436E /* MarkaziText-Medium.ttf in Resources */,
				6C82BFE22988470D00693A39 /* Preview Assets.xcassets in Resources */,
				6C82BFDF2988470D00693A39 /* Assets.xcassets in Resources */,
				6CD8152E298E378A00A1436E /* Karla-Regular.ttf in Resources */,
			);
			runOnlyForDeploymentPostprocessing = 0;
		};
/* End PBXResourcesBuildPhase section */

/* Begin PBXSourcesBuildPhase section */
		6C82BFD32988470C00693A39 /* Sources */ = {
			isa = PBXSourcesBuildPhase;
			buildActionMask = 2147483647;
			files = (
				6C7DCECE298AE0130057E62D /* PageViewItem.swift in Sources */,
				6C437A8F29901A9000AF7172 /* ProfileScreen.swift in Sources */,
				6CD81531298E3A7F00A1436E /* Color+Extension.swift in Sources */,
				6C7DCEC7298ADD570057E62D /* OnboardingScreen.swift in Sources */,
				6C437A9129901EC100AF7172 /* ProfileCardView.swift in Sources */,
				6C7DCECB298ADDB50057E62D /* PageView.swift in Sources */,
				6C802083298EF7DE00A566BD /* MenuItemView.swift in Sources */,
				6C7DCEC9298ADD820057E62D /* MenuScreen.swift in Sources */,
				6C802081298EF0C200A566BD /* MenuBreakdownView.swift in Sources */,
				6C437A8D299009BE00AF7172 /* FetchedObjects.swift in Sources */,
				6C82BFE42988470D00693A39 /* Persistence.swift in Sources */,
				6C65F5202990C28C00DE6170 /* Dish+CoreDataProperties.swift in Sources */,
				6C437A93299032B700AF7172 /* EmailNotificationsView.swift in Sources */,
				6CD81534298E3C5900A1436E /* Font+Extension.swift in Sources */,
				6C82BFE72988470D00693A39 /* LittleLemonMenu.xcdatamodeld in Sources */,
				6CD8153A298E492600A1436E /* UserDetailsForm.swift in Sources */,
				6C7DCED1298AED8B0057E62D /* RegistrationScreen.swift in Sources */,
				6C802088298EFDA500A566BD /* MenuList.swift in Sources */,
				6CD8153D298E76EB00A1436E /* AppConstants.swift in Sources */,
				6C802086298EFD8B00A566BD /* MenuItem.swift in Sources */,
				6C65F51A2990BC8100DE6170 /* HomeScreen.swift in Sources */,
				6C82BFDB2988470C00693A39 /* LittleLemonMenuApp.swift in Sources */,
				6C65F51F2990C28C00DE6170 /* Dish+CoreDataClass.swift in Sources */,
				6CD81538298E478600A1436E /* HeroView.swift in Sources */,
			);
			runOnlyForDeploymentPostprocessing = 0;
		};
/* End PBXSourcesBuildPhase section */

/* Begin XCBuildConfiguration section */
		6C82BFE82988470D00693A39 /* Debug */ = {
			isa = XCBuildConfiguration;
			buildSettings = {
				ALWAYS_SEARCH_USER_PATHS = NO;
				CLANG_ANALYZER_NONNULL = YES;
				CLANG_ANALYZER_NUMBER_OBJECT_CONVERSION = YES_AGGRESSIVE;
				CLANG_CXX_LANGUAGE_STANDARD = "gnu++20";
				CLANG_ENABLE_MODULES = YES;
				CLANG_ENABLE_OBJC_ARC = YES;
				CLANG_ENABLE_OBJC_WEAK = YES;
				CLANG_WARN_BLOCK_CAPTURE_AUTORELEASING = YES;
				CLANG_WARN_BOOL_CONVERSION = YES;
				CLANG_WARN_COMMA = YES;
				CLANG_WARN_CONSTANT_CONVERSION = YES;
				CLANG_WARN_DEPRECATED_OBJC_IMPLEMENTATIONS = YES;
				CLANG_WARN_DIRECT_OBJC_ISA_USAGE = YES_ERROR;
				CLANG_WARN_DOCUMENTATION_COMMENTS = YES;
				CLANG_WARN_EMPTY_BODY = YES;
				CLANG_WARN_ENUM_CONVERSION = YES;
				CLANG_WARN_INFINITE_RECURSION = YES;
				CLANG_WARN_INT_CONVERSION = YES;
				CLANG_WARN_NON_LITERAL_NULL_CONVERSION = YES;
				CLANG_WARN_OBJC_IMPLICIT_RETAIN_SELF = YES;
				CLANG_WARN_OBJC_LITERAL_CONVERSION = YES;
				CLANG_WARN_OBJC_ROOT_CLASS = YES_ERROR;
				CLANG_WARN_QUOTED_INCLUDE_IN_FRAMEWORK_HEADER = YES;
				CLANG_WARN_RANGE_LOOP_ANALYSIS = YES;
				CLANG_WARN_STRICT_PROTOTYPES = YES;
				CLANG_WARN_SUSPICIOUS_MOVE = YES;
				CLANG_WARN_UNGUARDED_AVAILABILITY = YES_AGGRESSIVE;
				CLANG_WARN_UNREACHABLE_CODE = YES;
				CLANG_WARN__DUPLICATE_METHOD_MATCH = YES;
				COPY_PHASE_STRIP = NO;
				DEBUG_INFORMATION_FORMAT = dwarf;
				ENABLE_STRICT_OBJC_MSGSEND = YES;
				ENABLE_TESTABILITY = YES;
				GCC_C_LANGUAGE_STANDARD = gnu11;
				GCC_DYNAMIC_NO_PIC = NO;
				GCC_NO_COMMON_BLOCKS = YES;
				GCC_OPTIMIZATION_LEVEL = 0;
				GCC_PREPROCESSOR_DEFINITIONS = (
					"DEBUG=1",
					"$(inherited)",
				);
				GCC_WARN_64_TO_32_BIT_CONVERSION = YES;
				GCC_WARN_ABOUT_RETURN_TYPE = YES_ERROR;
				GCC_WARN_UNDECLARED_SELECTOR = YES;
				GCC_WARN_UNINITIALIZED_AUTOS = YES_AGGRESSIVE;
				GCC_WARN_UNUSED_FUNCTION = YES;
				GCC_WARN_UNUSED_VARIABLE = YES;
				IPHONEOS_DEPLOYMENT_TARGET = 16.2;
				MTL_ENABLE_DEBUG_INFO = INCLUDE_SOURCE;
				MTL_FAST_MATH = YES;
				ONLY_ACTIVE_ARCH = YES;
				SDKROOT = iphoneos;
				SWIFT_ACTIVE_COMPILATION_CONDITIONS = DEBUG;
				SWIFT_OPTIMIZATION_LEVEL = "-Onone";
			};
			name = Debug;
		};
		6C82BFE92988470D00693A39 /* Release */ = {
			isa = XCBuildConfiguration;
			buildSettings = {
				ALWAYS_SEARCH_USER_PATHS = NO;
				CLANG_ANALYZER_NONNULL = YES;
				CLANG_ANALYZER_NUMBER_OBJECT_CONVERSION = YES_AGGRESSIVE;
				CLANG_CXX_LANGUAGE_STANDARD = "gnu++20";
				CLANG_ENABLE_MODULES = YES;
				CLANG_ENABLE_OBJC_ARC = YES;
				CLANG_ENABLE_OBJC_WEAK = YES;
				CLANG_WARN_BLOCK_CAPTURE_AUTORELEASING = YES;
				CLANG_WARN_BOOL_CONVERSION = YES;
				CLANG_WARN_COMMA = YES;
				CLANG_WARN_CONSTANT_CONVERSION = YES;
				CLANG_WARN_DEPRECATED_OBJC_IMPLEMENTATIONS = YES;
				CLANG_WARN_DIRECT_OBJC_ISA_USAGE = YES_ERROR;
				CLANG_WARN_DOCUMENTATION_COMMENTS = YES;
				CLANG_WARN_EMPTY_BODY = YES;
				CLANG_WARN_ENUM_CONVERSION = YES;
				CLANG_WARN_INFINITE_RECURSION = YES;
				CLANG_WARN_INT_CONVERSION = YES;
				CLANG_WARN_NON_LITERAL_NULL_CONVERSION = YES;
				CLANG_WARN_OBJC_IMPLICIT_RETAIN_SELF = YES;
				CLANG_WARN_OBJC_LITERAL_CONVERSION = YES;
				CLANG_WARN_OBJC_ROOT_CLASS = YES_ERROR;
				CLANG_WARN_QUOTED_INCLUDE_IN_FRAMEWORK_HEADER = YES;
				CLANG_WARN_RANGE_LOOP_ANALYSIS = YES;
				CLANG_WARN_STRICT_PROTOTYPES = YES;
				CLANG_WARN_SUSPICIOUS_MOVE = YES;
				CLANG_WARN_UNGUARDED_AVAILABILITY = YES_AGGRESSIVE;
				CLANG_WARN_UNREACHABLE_CODE = YES;
				CLANG_WARN__DUPLICATE_METHOD_MATCH = YES;
				COPY_PHASE_STRIP = NO;
				DEBUG_INFORMATION_FORMAT = "dwarf-with-dsym";
				ENABLE_NS_ASSERTIONS = NO;
				ENABLE_STRICT_OBJC_MSGSEND = YES;
				GCC_C_LANGUAGE_STANDARD = gnu11;
				GCC_NO_COMMON_BLOCKS = YES;
				GCC_WARN_64_TO_32_BIT_CONVERSION = YES;
				GCC_WARN_ABOUT_RETURN_TYPE = YES_ERROR;
				GCC_WARN_UNDECLARED_SELECTOR = YES;
				GCC_WARN_UNINITIALIZED_AUTOS = YES_AGGRESSIVE;
				GCC_WARN_UNUSED_FUNCTION = YES;
				GCC_WARN_UNUSED_VARIABLE = YES;
				IPHONEOS_DEPLOYMENT_TARGET = 16.2;
				MTL_ENABLE_DEBUG_INFO = NO;
				MTL_FAST_MATH = YES;
				SDKROOT = iphoneos;
				SWIFT_COMPILATION_MODE = wholemodule;
				SWIFT_OPTIMIZATION_LEVEL = "-O";
				VALIDATE_PRODUCT = YES;
			};
			name = Release;
		};
		6C82BFEB2988470D00693A39 /* Debug */ = {
			isa = XCBuildConfiguration;
			buildSettings = {
				ASSETCATALOG_COMPILER_APPICON_NAME = AppIcon;
				ASSETCATALOG_COMPILER_GLOBAL_ACCENT_COLOR_NAME = AccentColor;
				CODE_SIGN_STYLE = Automatic;
				CURRENT_PROJECT_VERSION = 1;
				DEVELOPMENT_ASSET_PATHS = "\"LittleLemonMenu/Preview Content\"";
				DEVELOPMENT_TEAM = 4P7C2628X7;
				ENABLE_PREVIEWS = YES;
				GENERATE_INFOPLIST_FILE = YES;
				INFOPLIST_FILE = LittleLemonMenu/Info.plist;
				INFOPLIST_KEY_CFBundleDisplayName = "Little Lemon";
				INFOPLIST_KEY_UIApplicationSceneManifest_Generation = YES;
				INFOPLIST_KEY_UIApplicationSupportsIndirectInputEvents = YES;
				INFOPLIST_KEY_UILaunchScreen_Generation = YES;
				INFOPLIST_KEY_UISupportedInterfaceOrientations_iPad = "UIInterfaceOrientationPortrait UIInterfaceOrientationPortraitUpsideDown UIInterfaceOrientationLandscapeLeft UIInterfaceOrientationLandscapeRight";
				INFOPLIST_KEY_UISupportedInterfaceOrientations_iPhone = "UIInterfaceOrientationPortrait UIInterfaceOrientationLandscapeLeft UIInterfaceOrientationLandscapeRight";
				IPHONEOS_DEPLOYMENT_TARGET = 15.0;
				LD_RUNPATH_SEARCH_PATHS = (
					"$(inherited)",
					"@executable_path/Frameworks",
				);
				MARKETING_VERSION = 1.0;
				PRODUCT_BUNDLE_IDENTIFIER = com.leolerasse.LittleLemonMenu;
				PRODUCT_NAME = "$(TARGET_NAME)";
				SWIFT_EMIT_LOC_STRINGS = YES;
				SWIFT_VERSION = 5.0;
				TARGETED_DEVICE_FAMILY = "1,2";
			};
			name = Debug;
		};
		6C82BFEC2988470D00693A39 /* Release */ = {
			isa = XCBuildConfiguration;
			buildSettings = {
				ASSETCATALOG_COMPILER_APPICON_NAME = AppIcon;
				ASSETCATALOG_COMPILER_GLOBAL_ACCENT_COLOR_NAME = AccentColor;
				CODE_SIGN_STYLE = Automatic;
				CURRENT_PROJECT_VERSION = 1;
				DEVELOPMENT_ASSET_PATHS = "\"LittleLemonMenu/Preview Content\"";
				DEVELOPMENT_TEAM = 4P7C2628X7;
				ENABLE_PREVIEWS = YES;
				GENERATE_INFOPLIST_FILE = YES;
				INFOPLIST_FILE = LittleLemonMenu/Info.plist;
				INFOPLIST_KEY_CFBundleDisplayName = "Little Lemon";
				INFOPLIST_KEY_UIApplicationSceneManifest_Generation = YES;
				INFOPLIST_KEY_UIApplicationSupportsIndirectInputEvents = YES;
				INFOPLIST_KEY_UILaunchScreen_Generation = YES;
				INFOPLIST_KEY_UISupportedInterfaceOrientations_iPad = "UIInterfaceOrientationPortrait UIInterfaceOrientationPortraitUpsideDown UIInterfaceOrientationLandscapeLeft UIInterfaceOrientationLandscapeRight";
				INFOPLIST_KEY_UISupportedInterfaceOrientations_iPhone = "UIInterfaceOrientationPortrait UIInterfaceOrientationLandscapeLeft UIInterfaceOrientationLandscapeRight";
				IPHONEOS_DEPLOYMENT_TARGET = 15.0;
				LD_RUNPATH_SEARCH_PATHS = (
					"$(inherited)",
					"@executable_path/Frameworks",
				);
				MARKETING_VERSION = 1.0;
				PRODUCT_BUNDLE_IDENTIFIER = com.leolerasse.LittleLemonMenu;
				PRODUCT_NAME = "$(TARGET_NAME)";
				SWIFT_EMIT_LOC_STRINGS = YES;
				SWIFT_VERSION = 5.0;
				TARGETED_DEVICE_FAMILY = "1,2";
			};
			name = Release;
		};
/* End XCBuildConfiguration section */

/* Begin XCConfigurationList section */
		6C82BFD22988470C00693A39 /* Build configuration list for PBXProject "LittleLemonMenu" */ = {
			isa = XCConfigurationList;
			buildConfigurations = (
				6C82BFE82988470D00693A39 /* Debug */,
				6C82BFE92988470D00693A39 /* Release */,
			);
			defaultConfigurationIsVisible = 0;
			defaultConfigurationName = Release;
		};
		6C82BFEA2988470D00693A39 /* Build configuration list for PBXNativeTarget "LittleLemonMenu" */ = {
			isa = XCConfigurationList;
			buildConfigurations = (
				6C82BFEB2988470D00693A39 /* Debug */,
				6C82BFEC2988470D00693A39 /* Release */,
			);
			defaultConfigurationIsVisible = 0;
			defaultConfigurationName = Release;
		};
/* End XCConfigurationList section */

/* Begin XCVersionGroup section */
		6C82BFE52988470D00693A39 /* LittleLemonMenu.xcdatamodeld */ = {
			isa = XCVersionGroup;
			children = (
				6C82BFE62988470D00693A39 /* LittleLemonMenu.xcdatamodel */,
			);
			currentVersion = 6C82BFE62988470D00693A39 /* LittleLemonMenu.xcdatamodel */;
			path = LittleLemonMenu.xcdatamodeld;
			sourceTree = "<group>";
			versionGroupType = wrapper.xcdatamodel;
		};
/* End XCVersionGroup section */
	};
	rootObject = 6C82BFCF2988470C00693A39 /* Project object */;
}
